{
  "version": 4,
  "terraform_version": "1.0.5",
  "serial": 3,
  "lineage": "7498db27-db66-daaf-eab5-e2881bfe11e5",
  "outputs": {
    "droplet_limit": {
      "value": 5,
      "type": "number"
    }
  },
  "resources": [
    {
      "mode": "data",
      "type": "digitalocean_account",
      "name": "account_info",
      "provider": "provider[\"registry.terraform.io/digitalocean/digitalocean\"]",
      "instances": [
        {
          "schema_version": 0,
          "attributes": {
            "droplet_limit": 5,
            "email": "amir-rt@live.com",
            "email_verified": true,
            "floating_ip_limit": 3,
            "id": "52e2ed42c4107258ad47e887754c9cdc08ec1ab5",
            "status": "active",
            "status_message": "",
            "uuid": "52e2ed42c4107258ad47e887754c9cdc08ec1ab5"
          },
          "sensitive_attributes": []
        }
      ]
    },
    {
      "mode": "data",
      "type": "digitalocean_ssh_key",
      "name": "mySSHKey",
      "provider": "provider[\"registry.terraform.io/digitalocean/digitalocean\"]",
      "instances": [
        {
          "schema_version": 0,
          "attributes": {
            "fingerprint": "31:bf:a7:17:7f:ba:25:b8:2f:f9:c5:a6:61:51:42:b8",
            "id": 28169638,
            "name": "mac",
            "public_key": "ssh-rsa AAAAB3NzaC1yc2EAAAADAQABAAACAQDMqutrb45jRp5naSHKBIWjfVtE/tQrJ6CCjZ6SA38wznjKDnPNagf07xX0dy1M6kLQHiQ22ORwSDrFmMs9aJ/tCZMjBb/P3+XvVB79OcuTJlGxTjTUqXvJNIa3rO64AhjeqE3RwxlYKJAQyf50VFqC4EeUaZrOUzcBUib8r1g04n/n6UVkOlexgdiLGfqDhyhhNeL3ukOa/aVHInhpt9Lyp1lU5jOBvlONsRqidQLq4GerBQKgzZZltKAOcTjuam/yK/LZy4XNJQRMKJ4r+nDsM9r+k8NGOix6d7eS6hOtodd+Qu+gpAWzuu0PydydZT3EM0HvS13vR/38f83gkK4tnEvzbGVRQNC9kERzTiSBnPPpDza+7gSxJhBrWPw8eVL/mMSNISyjfyb7yN2BNmqaMGTCYrT/naS9rsW9VAMMDyu6rGlimCK+iTpf+WZpS7eto8Kf/euq/QQlWi5eEHdD0Wx6n1RcDgkNPhKp1VcBFt3ue6VY4bIiFwTRWcXtVoz13UvmJv7ZMdu+Lx2zBKtIWHVcp2o6UVPwcV2vmUBs2SYOdp1oanVJhXhwNmG3bb2iBCu826ZBwRqHdvbmuQbGz+ijCXGBkMy4i/PEOi/2q+t2sXENLsecXR/jNJYAd+PNZOyRlgY0YYljOnlOKkv9KmZZ6vT9chlDd3iTSZP4Fw== kmuc72@gmail.com"
          },
          "sensitive_attributes": []
        }
      ]
    },
    {
      "mode": "managed",
      "type": "digitalocean_droplet",
      "name": "web",
      "provider": "provider[\"registry.terraform.io/digitalocean/digitalocean\"]",
      "instances": [
        {
          "schema_version": 1,
          "attributes": {
            "backups": false,
            "created_at": "2022-03-11T06:09:20Z",
            "disk": 25,
            "droplet_agent": null,
            "graceful_shutdown": false,
            "id": "290179246",
            "image": "ubuntu-18-04-x64",
            "ipv4_address": "157.245.121.126",
            "ipv4_address_private": "10.108.0.2",
            "ipv6": false,
            "ipv6_address": "",
            "locked": false,
            "memory": 1024,
            "monitoring": false,
            "name": "web-1",
            "price_hourly": 0.00744,
            "price_monthly": 5,
            "private_networking": true,
            "region": "nyc3",
            "resize_disk": true,
            "size": "s-1vcpu-1gb",
            "ssh_keys": [
              "28169638"
            ],
            "status": "active",
            "tags": null,
            "urn": "do:droplet:290179246",
            "user_data": null,
            "vcpus": 1,
            "volume_ids": [],
            "vpc_uuid": "c26985f8-190d-4734-a104-587a2293b166"
          },
          "sensitive_attributes": [],
          "private": "eyJzY2hlbWFfdmVyc2lvbiI6IjEifQ==",
          "dependencies": [
            "data.digitalocean_ssh_key.mySSHKey"
          ]
        }
      ]
    }
  ]
}
